
Microsoft Visual Studio Solution File, Format Version 12.00
# Visual Studio Version 18
VisualStudioVersion = 18.4.11605.240 stable
MinimumVisualStudioVersion = 10.0.40219.1
Project("{FAE04EC0-301F-11D3-BF4B-00C04F79EFBC}") = "MiNet", "MiNet\MiNet.csproj", "{BD59E4F7-9E47-4DE4-823B-ED6C08EDE69F}"
EndProject
Project("{FAE04EC0-301F-11D3-BF4B-00C04F79EFBC}") = "MiNet.Data", "MiNet.Data\MiNet.Data.csproj", "{CA65075E-9DA8-485E-AF7D-228093C9547A}"
EndProject
Global
	GlobalSection(SolutionConfigurationPlatforms) = preSolution
		Debug|Any CPU = Debug|Any CPU
		Release|Any CPU = Release|Any CPU
	EndGlobalSection
	GlobalSection(ProjectConfigurationPlatforms) = postSolution
		{BD59E4F7-9E47-4DE4-823B-ED6C08EDE69F}.Debug|Any CPU.ActiveCfg = Debug|Any CPU
		{BD59E4F7-9E47-4DE4-823B-ED6C08EDE69F}.Debug|Any CPU.Build.0 = Debug|Any CPU
		{BD59E4F7-9E47-4DE4-823B-ED6C08EDE69F}.Release|Any CPU.ActiveCfg = Release|Any CPU
		{BD59E4F7-9E47-4DE4-823B-ED6C08EDE69F}.Release|Any CPU.Build.0 = Release|Any CPU
		{CA65075E-9DA8-485E-AF7D-228093C9547A}.Debug|Any CPU.ActiveCfg = Debug|Any CPU
		{CA65075E-9DA8-485E-AF7D-228093C9547A}.Debug|Any CPU.Build.0 = Debug|Any CPU
		{CA65075E-9DA8-485E-AF7D-228093C9547A}.Release|Any CPU.ActiveCfg = Release|Any CPU
		{CA65075E-9DA8-485E-AF7D-228093C9547A}.Release|Any CPU.Build.0 = Release|Any CPU
	EndGlobalSection
	GlobalSection(SolutionProperties) = preSolution
		HideSolutionNode = FALSE
	EndGlobalSection
	GlobalSection(ExtensibilityGlobals) = postSolution
		SolutionGuid = {AA2CD06A-942B-4F07-B85A-8FB4E8B59915}
	EndGlobalSection
EndGlobal
